// !$*UTF8*$!
{
	archiveVersion = 1;
	classes = {
	};
	objectVersion = 46;
	objects = {

/* Begin PBXBuildFile section */
		ACB60B1E1C7EA00200BC7773 /* main.m in Sources */ = {isa = PBXBuildFile; fileRef = ACB60B1D1C7EA00200BC7773 /* main.m */; };
		ACB60B211C7EA00200BC7773 /* AppDelegate.m in Sources */ = {isa = PBXBuildFile; fileRef = ACB60B201C7EA00200BC7773 /* AppDelegate.m */; };
		ACB60B241C7EA00200BC7773 /* AAAViewControllerGridList.m in Sources */ = {isa = PBXBuildFile; fileRef = ACB60B231C7EA00200BC7773 /* AAAViewControllerGridList.m */; };
		ACB60B271C7EA00200BC7773 /* Main.storyboard in Resources */ = {isa = PBXBuildFile; fileRef = ACB60B251C7EA00200BC7773 /* Main.storyboard */; };
		ACB60B291C7EA00300BC7773 /* Assets.xcassets in Resources */ = {isa = PBXBuildFile; fileRef = ACB60B281C7EA00300BC7773 /* Assets.xcassets */; };
		ACB60B2C1C7EA00300BC7773 /* LaunchScreen.storyboard in Resources */ = {isa = PBXBuildFile; fileRef = ACB60B2A1C7EA00300BC7773 /* LaunchScreen.storyboard */; };
		ACB60B351C7EBB1B00BC7773 /* AAAGridFlowLayout.m in Sources */ = {isa = PBXBuildFile; fileRef = ACB60B341C7EBB1B00BC7773 /* AAAGridFlowLayout.m */; };
		ACB60B381C7EBB2C00BC7773 /* AAAListFlowLayout.m in Sources */ = {isa = PBXBuildFile; fileRef = ACB60B371C7EBB2C00BC7773 /* AAAListFlowLayout.m */; };
		ACB60B3A1C7ED1C800BC7773 /* CollectionViewGridCell.xib in Resources */ = {isa = PBXBuildFile; fileRef = ACB60B391C7ED1C800BC7773 /* CollectionViewGridCell.xib */; };
		ACB60B3C1C7ED1D900BC7773 /* CollectionViewListCell.xib in Resources */ = {isa = PBXBuildFile; fileRef = ACB60B3B1C7ED1D900BC7773 /* CollectionViewListCell.xib */; };
		ACB60B3F1C7ED35600BC7773 /* CollectionViewGridCell.m in Sources */ = {isa = PBXBuildFile; fileRef = ACB60B3E1C7ED35600BC7773 /* CollectionViewGridCell.m */; };
		ACB60B421C7ED36200BC7773 /* CollectionViewListCell.m in Sources */ = {isa = PBXBuildFile; fileRef = ACB60B411C7ED36200BC7773 /* CollectionViewListCell.m */; };
		ACB60B481C8016F800BC7773 /* AABViewControllerSupplementaryView.m in Sources */ = {isa = PBXBuildFile; fileRef = ACB60B471C8016F800BC7773 /* AABViewControllerSupplementaryView.m */; };
/* End PBXBuildFile section */

/* Begin PBXFileReference section */
		ACB60B191C7EA00200BC7773 /* SPKDemoCollectionView.app */ = {isa = PBXFileReference; explicitFileType = wrapper.application; includeInIndex = 0; path = SPKDemoCollectionView.app; sourceTree = BUILT_PRODUCTS_DIR; };
		ACB60B1D1C7EA00200BC7773 /* main.m */ = {isa = PBXFileReference; lastKnownFileType = sourcecode.c.objc; path = main.m; sourceTree = "<group>"; };
		ACB60B1F1C7EA00200BC7773 /* AppDelegate.h */ = {isa = PBXFileReference; lastKnownFileType = sourcecode.c.h; path = AppDelegate.h; sourceTree = "<group>"; };
		ACB60B201C7EA00200BC7773 /* AppDelegate.m */ = {isa = PBXFileReference; lastKnownFileType = sourcecode.c.objc; path = AppDelegate.m; sourceTree = "<group>"; };
		ACB60B221C7EA00200BC7773 /* AAAViewControllerGridList.h */ = {isa = PBXFileReference; lastKnownFileType = sourcecode.c.h; path = AAAViewControllerGridList.h; sourceTree = "<group>"; };
		ACB60B231C7EA00200BC7773 /* AAAViewControllerGridList.m */ = {isa = PBXFileReference; lastKnownFileType = sourcecode.c.objc; path = AAAViewControllerGridList.m; sourceTree = "<group>"; };
		ACB60B261C7EA00200BC7773 /* Base */ = {isa = PBXFileReference; lastKnownFileType = file.storyboard; name = Base; path = Base.lproj/Main.storyboard; sourceTree = "<group>"; };
		ACB60B281C7EA00300BC7773 /* Assets.xcassets */ = {isa = PBXFileReference; lastKnownFileType = folder.assetcatalog; path = Assets.xcassets; sourceTree = "<group>"; };
		ACB60B2B1C7EA00300BC7773 /* Base */ = {isa = PBXFileReference; lastKnownFileType = file.storyboard; name = Base; path = Base.lproj/LaunchScreen.storyboard; sourceTree = "<group>"; };
		ACB60B2D1C7EA00300BC7773 /* Info.plist */ = {isa = PBXFileReference; lastKnownFileType = text.plist.xml; path = Info.plist; sourceTree = "<group>"; };
		ACB60B331C7EBB1B00BC7773 /* AAAGridFlowLayout.h */ = {isa = PBXFileReference; fileEncoding = 4; lastKnownFileType = sourcecode.c.h; path = AAAGridFlowLayout.h; sourceTree = "<group>"; };
		ACB60B341C7EBB1B00BC7773 /* AAAGridFlowLayout.m */ = {isa = PBXFileReference; fileEncoding = 4; lastKnownFileType = sourcecode.c.objc; path = AAAGridFlowLayout.m; sourceTree = "<group>"; };
		ACB60B361C7EBB2C00BC7773 /* AAAListFlowLayout.h */ = {isa = PBXFileReference; fileEncoding = 4; lastKnownFileType = sourcecode.c.h; path = AAAListFlowLayout.h; sourceTree = "<group>"; };
		ACB60B371C7EBB2C00BC7773 /* AAAListFlowLayout.m */ = {isa = PBXFileReference; fileEncoding = 4; lastKnownFileType = sourcecode.c.objc; path = AAAListFlowLayout.m; sourceTree = "<group>"; };
		ACB60B391C7ED1C800BC7773 /* CollectionViewGridCell.xib */ = {isa = PBXFileReference; fileEncoding = 4; lastKnownFileType = file.xib; path = CollectionViewGridCell.xib; sourceTree = "<group>"; };
		ACB60B3B1C7ED1D900BC7773 /* CollectionViewListCell.xib */ = {isa = PBXFileReference; fileEncoding = 4; lastKnownFileType = file.xib; path = CollectionViewListCell.xib; sourceTree = "<group>"; };
		ACB60B3D1C7ED35600BC7773 /* CollectionViewGridCell.h */ = {isa = PBXFileReference; fileEncoding = 4; lastKnownFileType = sourcecode.c.h; path = CollectionViewGridCell.h; sourceTree = "<group>"; };
		ACB60B3E1C7ED35600BC7773 /* CollectionViewGridCell.m */ = {isa = PBXFileReference; fileEncoding = 4; lastKnownFileType = sourcecode.c.objc; path = CollectionViewGridCell.m; sourceTree = "<group>"; };
		ACB60B401C7ED36200BC7773 /* CollectionViewListCell.h */ = {isa = PBXFileReference; fileEncoding = 4; lastKnownFileType = sourcecode.c.h; path = CollectionViewListCell.h; sourceTree = "<group>"; };
		ACB60B411C7ED36200BC7773 /* CollectionViewListCell.m */ = {isa = PBXFileReference; fileEncoding = 4; lastKnownFileType = sourcecode.c.objc; path = CollectionViewListCell.m; sourceTree = "<group>"; };
		ACB60B461C8016F800BC7773 /* AABViewControllerSupplementaryView.h */ = {isa = PBXFileReference; fileEncoding = 4; lastKnownFileType = sourcecode.c.h; name = AABViewControllerSupplementaryView.h; path = SupplementaryViews/AABViewControllerSupplementaryView.h; sourceTree = "<group>"; };
		ACB60B471C8016F800BC7773 /* AABViewControllerSupplementaryView.m */ = {isa = PBXFileReference; fileEncoding = 4; lastKnownFileType = sourcecode.c.objc; name = AABViewControllerSupplementaryView.m; path = SupplementaryViews/AABViewControllerSupplementaryView.m; sourceTree = "<group>"; };
/* End PBXFileReference section */

/* Begin PBXFrameworksBuildPhase section */
		ACB60B161C7EA00200BC7773 /* Frameworks */ = {
			isa = PBXFrameworksBuildPhase;
			buildActionMask = 2147483647;
			files = (
			);
			runOnlyForDeploymentPostprocessing = 0;
		};
/* End PBXFrameworksBuildPhase section */

/* Begin PBXGroup section */
		ACB60B101C7EA00200BC7773 = {
			isa = PBXGroup;
			children = (
				ACB60B1B1C7EA00200BC7773 /* SPKDemoCollectionView */,
				ACB60B1A1C7EA00200BC7773 /* Products */,
			);
			sourceTree = "<group>";
		};
		ACB60B1A1C7EA00200BC7773 /* Products */ = {
			isa = PBXGroup;
			children = (
				ACB60B191C7EA00200BC7773 /* SPKDemoCollectionView.app */,
			);
			name = Products;
			sourceTree = "<group>";
		};
		ACB60B1B1C7EA00200BC7773 /* SPKDemoCollectionView */ = {
			isa = PBXGroup;
			children = (
				ACB60B491C828E3F00BC7773 /* Shared */,
				ACB60B431C7EDB7800BC7773 /* GridList */,
				ACB60B451C8014B500BC7773 /* SupplementaryViews */,
				ACB60B251C7EA00200BC7773 /* Main.storyboard */,
				ACB60B1F1C7EA00200BC7773 /* AppDelegate.h */,
				ACB60B201C7EA00200BC7773 /* AppDelegate.m */,
				ACB60B281C7EA00300BC7773 /* Assets.xcassets */,
				ACB60B2A1C7EA00300BC7773 /* LaunchScreen.storyboard */,
				ACB60B2D1C7EA00300BC7773 /* Info.plist */,
				ACB60B1C1C7EA00200BC7773 /* Supporting Files */,
			);
			path = SPKDemoCollectionView;
			sourceTree = "<group>";
		};
		ACB60B1C1C7EA00200BC7773 /* Supporting Files */ = {
			isa = PBXGroup;
			children = (
				ACB60B1D1C7EA00200BC7773 /* main.m */,
			);
			name = "Supporting Files";
			sourceTree = "<group>";
		};
		ACB60B431C7EDB7800BC7773 /* GridList */ = {
			isa = PBXGroup;
			children = (
				ACB60B221C7EA00200BC7773 /* AAAViewControllerGridList.h */,
				ACB60B231C7EA00200BC7773 /* AAAViewControllerGridList.m */,
				ACB60B331C7EBB1B00BC7773 /* AAAGridFlowLayout.h */,
				ACB60B341C7EBB1B00BC7773 /* AAAGridFlowLayout.m */,
				ACB60B361C7EBB2C00BC7773 /* AAAListFlowLayout.h */,
				ACB60B371C7EBB2C00BC7773 /* AAAListFlowLayout.m */,
			);
			path = GridList;
			sourceTree = "<group>";
		};
		ACB60B441C8011BC00BC7773 /* View */ = {
			isa = PBXGroup;
			children = (
				ACB60B3D1C7ED35600BC7773 /* CollectionViewGridCell.h */,
				ACB60B3E1C7ED35600BC7773 /* CollectionViewGridCell.m */,
				ACB60B401C7ED36200BC7773 /* CollectionViewListCell.h */,
				ACB60B411C7ED36200BC7773 /* CollectionViewListCell.m */,
				ACB60B391C7ED1C800BC7773 /* CollectionViewGridCell.xib */,
				ACB60B3B1C7ED1D900BC7773 /* CollectionViewListCell.xib */,
			);
			name = View;
			path = Shared/Views;
			sourceTree = "<group>";
		};
		ACB60B451C8014B500BC7773 /* SupplementaryViews */ = {
			isa = PBXGroup;
			children = (
				ACB60B461C8016F800BC7773 /* AABViewControllerSupplementaryView.h */,
				ACB60B471C8016F800BC7773 /* AABViewControllerSupplementaryView.m */,
			);
			name = SupplementaryViews;
			sourceTree = "<group>";
		};
		ACB60B491C828E3F00BC7773 /* Shared */ = {
			isa = PBXGroup;
			children = (
				ACB60B441C8011BC00BC7773 /* View */,
			);
			name = Shared;
			sourceTree = "<group>";
		};
/* End PBXGroup section */

/* Begin PBXNativeTarget section */
		ACB60B181C7EA00200BC7773 /* SPKDemoCollectionView */ = {
			isa = PBXNativeTarget;
			buildConfigurationList = ACB60B301C7EA00300BC7773 /* Build configuration list for PBXNativeTarget "SPKDemoCollectionView" */;
			buildPhases = (
				ACB60B151C7EA00200BC7773 /* Sources */,
				ACB60B161C7EA00200BC7773 /* Frameworks */,
				ACB60B171C7EA00200BC7773 /* Resources */,
			);
			buildRules = (
			);
			dependencies = (
			);
			name = SPKDemoCollectionView;
			productName = SPKDemoCollectionView;
			productReference = ACB60B191C7EA00200BC7773 /* SPKDemoCollectionView.app */;
			productType = "com.apple.product-type.application";
		};
/* End PBXNativeTarget section */

/* Begin PBXProject section */
		ACB60B111C7EA00200BC7773 /* Project object */ = {
			isa = PBXProject;
			attributes = {
				LastUpgradeCheck = 0720;
				ORGANIZATIONNAME = "Spencer Kamchee";
				TargetAttributes = {
					ACB60B181C7EA00200BC7773 = {
						CreatedOnToolsVersion = 7.2;
					};
				};
			};
			buildConfigurationList = ACB60B141C7EA00200BC7773 /* Build configuration list for PBXProject "SPKDemoCollectionView" */;
			compatibilityVersion = "Xcode 3.2";
			developmentRegion = English;
			hasScannedForEncodings = 0;
			knownRegions = (
				en,
				Base,
			);
			mainGroup = ACB60B101C7EA00200BC7773;
			productRefGroup = ACB60B1A1C7EA00200BC7773 /* Products */;
			projectDirPath = "";
			projectRoot = "";
			targets = (
				ACB60B181C7EA00200BC7773 /* SPKDemoCollectionView */,
			);
		};
/* End PBXProject section */

/* Begin PBXResourcesBuildPhase section */
		ACB60B171C7EA00200BC7773 /* Resources */ = {
			isa = PBXResourcesBuildPhase;
			buildActionMask = 2147483647;
			files = (
				ACB60B3A1C7ED1C800BC7773 /* CollectionViewGridCell.xib in Resources */,
				ACB60B2C1C7EA00300BC7773 /* LaunchScreen.storyboard in Resources */,
				ACB60B291C7EA00300BC7773 /* Assets.xcassets in Resources */,
				ACB60B271C7EA00200BC7773 /* Main.storyboard in Resources */,
				ACB60B3C1C7ED1D900BC7773 /* CollectionViewListCell.xib in Resources */,
			);
			runOnlyForDeploymentPostprocessing = 0;
		};
/* End PBXResourcesBuildPhase section */

/* Begin PBXSourcesBuildPhase section */
		ACB60B151C7EA00200BC7773 /* Sources */ = {
			isa = PBXSourcesBuildPhase;
			buildActionMask = 2147483647;
			files = (
				ACB60B3F1C7ED35600BC7773 /* CollectionViewGridCell.m in Sources */,
				ACB60B241C7EA00200BC7773 /* AAAViewControllerGridList.m in Sources */,
				ACB60B351C7EBB1B00BC7773 /* AAAGridFlowLayout.m in Sources */,
				ACB60B421C7ED36200BC7773 /* CollectionViewListCell.m in Sources */,
				ACB60B211C7EA00200BC7773 /* AppDelegate.m in Sources */,
				ACB60B1E1C7EA00200BC7773 /* main.m in Sources */,
				ACB60B481C8016F800BC7773 /* AABViewControllerSupplementaryView.m in Sources */,
				ACB60B381C7EBB2C00BC7773 /* AAAListFlowLayout.m in Sources */,
			);
			runOnlyForDeploymentPostprocessing = 0;
		};
/* End PBXSourcesBuildPhase section */

/* Begin PBXVariantGroup section */
		ACB60B251C7EA00200BC7773 /* Main.storyboard */ = {
			isa = PBXVariantGroup;
			children = (
				ACB60B261C7EA00200BC7773 /* Base */,
			);
			name = Main.storyboard;
			sourceTree = "<group>";
		};
		ACB60B2A1C7EA00300BC7773 /* LaunchScreen.storyboard */ = {
			isa = PBXVariantGroup;
			children = (
				ACB60B2B1C7EA00300BC7773 /* Base */,
			);
			name = LaunchScreen.storyboard;
			sourceTree = "<group>";
		};
/* End PBXVariantGroup section */

/* Begin XCBuildConfiguration section */
		ACB60B2E1C7EA00300BC7773 /* Debug */ = {
			isa = XCBuildConfiguration;
			buildSettings = {
				ALWAYS_SEARCH_USER_PATHS = NO;
				CLANG_CXX_LANGUAGE_STANDARD = "gnu++0x";
				CLANG_CXX_LIBRARY = "libc++";
				CLANG_ENABLE_MODULES = YES;
				CLANG_ENABLE_OBJC_ARC = YES;
				CLANG_WARN_BOOL_CONVERSION = YES;
				CLANG_WARN_CONSTANT_CONVERSION = YES;
				CLANG_WARN_DIRECT_OBJC_ISA_USAGE = YES_ERROR;
				CLANG_WARN_EMPTY_BODY = YES;
				CLANG_WARN_ENUM_CONVERSION = YES;
				CLANG_WARN_INT_CONVERSION = YES;
				CLANG_WARN_OBJC_ROOT_CLASS = YES_ERROR;
				CLANG_WARN_UNREACHABLE_CODE = YES;
				CLANG_WARN__DUPLICATE_METHOD_MATCH = YES;
				"CODE_SIGN_IDENTITY[sdk=iphoneos*]" = "iPhone Developer";
				COPY_PHASE_STRIP = NO;
				DEBUG_INFORMATION_FORMAT = dwarf;
				ENABLE_STRICT_OBJC_MSGSEND = YES;
				ENABLE_TESTABILITY = YES;
				GCC_C_LANGUAGE_STANDARD = gnu99;
				GCC_DYNAMIC_NO_PIC = NO;
				GCC_NO_COMMON_BLOCKS = YES;
				GCC_OPTIMIZATION_LEVEL = 0;
				GCC_PREPROCESSOR_DEFINITIONS = (
					"DEBUG=1",
					"$(inherited)",
				);
				GCC_WARN_64_TO_32_BIT_CONVERSION = YES;
				GCC_WARN_ABOUT_RETURN_TYPE = YES_ERROR;
				GCC_WARN_UNDECLARED_SELECTOR = YES;
				GCC_WARN_UNINITIALIZED_AUTOS = YES_AGGRESSIVE;
				GCC_WARN_UNUSED_FUNCTION = YES;
				GCC_WARN_UNUSED_VARIABLE = YES;
				IPHONEOS_DEPLOYMENT_TARGET = 9.2;
				MTL_ENABLE_DEBUG_INFO = YES;
				ONLY_ACTIVE_ARCH = YES;
				SDKROOT = iphoneos;
				TARGETED_DEVICE_FAMILY = "1,2";
			};
			name = Debug;
		};
		ACB60B2F1C7EA00300BC7773 /* Release */ = {
			isa = XCBuildConfiguration;
			buildSettings = {
				ALWAYS_SEARCH_USER_PATHS = NO;
				CLANG_CXX_LANGUAGE_STANDARD = "gnu++0x";
				CLANG_CXX_LIBRARY = "libc++";
				CLANG_ENABLE_MODULES = YES;
				CLANG_ENABLE_OBJC_ARC = YES;
				CLANG_WARN_BOOL_CONVERSION = YES;
				CLANG_WARN_CONSTANT_CONVERSION = YES;
				CLANG_WARN_DIRECT_OBJC_ISA_USAGE = YES_ERROR;
				CLANG_WARN_EMPTY_BODY = YES;
				CLANG_WARN_ENUM_CONVERSION = YES;
				CLANG_WARN_INT_CONVERSION = YES;
				CLANG_WARN_OBJC_ROOT_CLASS = YES_ERROR;
				CLANG_WARN_UNREACHABLE_CODE = YES;
				CLANG_WARN__DUPLICATE_METHOD_MATCH = YES;
				"CODE_SIGN_IDENTITY[sdk=iphoneos*]" = "iPhone Developer";
				COPY_PHASE_STRIP = NO;
				DEBUG_INFORMATION_FORMAT = "dwarf-with-dsym";
				ENABLE_NS_ASSERTIONS = NO;
				ENABLE_STRICT_OBJC_MSGSEND = YES;
				GCC_C_LANGUAGE_STANDARD = gnu99;
				GCC_NO_COMMON_BLOCKS = YES;
				GCC_WARN_64_TO_32_BIT_CONVERSION = YES;
				GCC_WARN_ABOUT_RETURN_TYPE = YES_ERROR;
				GCC_WARN_UNDECLARED_SELECTOR = YES;
				GCC_WARN_UNINITIALIZED_AUTOS = YES_AGGRESSIVE;
				GCC_WARN_UNUSED_FUNCTION = YES;
				GCC_WARN_UNUSED_VARIABLE = YES;
				IPHONEOS_DEPLOYMENT_TARGET = 9.2;
				MTL_ENABLE_DEBUG_INFO = NO;
				SDKROOT = iphoneos;
				TARGETED_DEVICE_FAMILY = "1,2";
				VALIDATE_PRODUCT = YES;
			};
			name = Release;
		};
		ACB60B311C7EA00300BC7773 /* Debug */ = {
			isa = XCBuildConfiguration;
			buildSettings = {
				ASSETCATALOG_COMPILER_APPICON_NAME = AppIcon;
				INFOPLIST_FILE = SPKDemoCollectionView/Info.plist;
				LD_RUNPATH_SEARCH_PATHS = "$(inherited) @executable_path/Frameworks";
				PRODUCT_BUNDLE_IDENTIFIER = com.spencerkamchee.SPKDemoCollectionView;
				PRODUCT_NAME = "$(TARGET_NAME)";
			};
			name = Debug;
		};
		ACB60B321C7EA00300BC7773 /* Release */ = {
			isa = XCBuildConfiguration;
			buildSettings = {
				ASSETCATALOG_COMPILER_APPICON_NAME = AppIcon;
				INFOPLIST_FILE = SPKDemoCollectionView/Info.plist;
				LD_RUNPATH_SEARCH_PATHS = "$(inherited) @executable_path/Frameworks";
				PRODUCT_BUNDLE_IDENTIFIER = com.spencerkamchee.SPKDemoCollectionView;
				PRODUCT_NAME = "$(TARGET_NAME)";
			};
			name = Release;
		};
/* End XCBuildConfiguration section */

/* Begin XCConfigurationList section */
		ACB60B141C7EA00200BC7773 /* Build configuration list for PBXProject "SPKDemoCollectionView" */ = {
			isa = XCConfigurationList;
			buildConfigurations = (
				ACB60B2E1C7EA00300BC7773 /* Debug */,
				ACB60B2F1C7EA00300BC7773 /* Release */,
			);
			defaultConfigurationIsVisible = 0;
			defaultConfigurationName = Release;
		};
		ACB60B301C7EA00300BC7773 /* Build configuration list for PBXNativeTarget "SPKDemoCollectionView" */ = {
			isa = XCConfigurationList;
			buildConfigurations = (
				ACB60B311C7EA00300BC7773 /* Debug */,
				ACB60B321C7EA00300BC7773 /* Release */,
			);
			defaultConfigurationIsVisible = 0;
			defaultConfigurationName = Release;
		};
/* End XCConfigurationList section */
	};
	rootObject = ACB60B111C7EA00200BC7773 /* Project object */;
}
